
Microsoft Visual Studio Solution File, Format Version 12.00
# Visual Studio 15
VisualStudioVersion = 15.0.27130.2010
MinimumVisualStudioVersion = 10.0.40219.1
Project("{FAE04EC0-301F-11D3-BF4B-00C04F79EFBC}") = "HamiltonTevin_Lab1", "HamiltonTevin_Lab1\HamiltonTevin_Lab1.csproj", "{4EEB5DE4-FF1B-490D-8546-136486132798}"
EndProject
Global
	GlobalSection(SolutionConfigurationPlatforms) = preSolution
		Debug|Any CPU = Debug|Any CPU
		Release|Any CPU = Release|Any CPU
	EndGlobalSection
	GlobalSection(ProjectConfigurationPlatforms) = postSolution
		{4EEB5DE4-FF1B-490D-8546-136486132798}.Debug|Any CPU.ActiveCfg = Debug|Any CPU
		{4EEB5DE4-FF1B-490D-8546-136486132798}.Debug|Any CPU.Build.0 = Debug|Any CPU
		{4EEB5DE4-FF1B-490D-8546-136486132798}.Release|Any CPU.ActiveCfg = Release|Any CPU
		{4EEB5DE4-FF1B-490D-8546-136486132798}.Release|Any CPU.Build.0 = Release|Any CPU
	EndGlobalSection
	GlobalSection(SolutionProperties) = preSolution
		HideSolutionNode = FALSE
	EndGlobalSection
	GlobalSection(ExtensibilityGlobals) = postSolution
		SolutionGuid = {5733A38D-AACF-463A-ACA3-A70FDF309DEA}
	EndGlobalSection
EndGlobal
